{
  "object": {
    "pins": [
      {
        "package": "DropDown",
        "repositoryURL": "https://github.com/AssistoLab/DropDown",
        "state": {
          "branch": "master",
          "revision": "2ab6f6ce19f0117d1a76ea043ef8f57722c65d16",
          "version": null
        }
      },
      {
        "package": "RadioGroup",
        "repositoryURL": "https://github.com/yonat/RadioGroup",
        "state": {
          "branch": "master",
          "revision": "c2ce6b275fbd8ef970f85349d03e7ea0615ed495",
          "version": null
        }
      },
      {
        "package": "SweeterSwift",
        "repositoryURL": "https://github.com/yonat/SweeterSwift",
        "state": {
          "branch": null,
          "revision": "375a2603e98c8b59c53c9d2096f5443d78861bff",
          "version": "1.1.5"
        }
      }
    ]
  },
  "version": 1
}
