// !$*UTF8*$!
{
	archiveVersion = 1;
	classes = {
	};
	objectVersion = 55;
	objects = {

/* Begin PBXBuildFile section */
		4CE42D77273839B0005631D6 /* AppDelegate.swift in Sources */ = {isa = PBXBuildFile; fileRef = 4CE42D76273839B0005631D6 /* AppDelegate.swift */; };
		4CE42D79273839B0005631D6 /* SceneDelegate.swift in Sources */ = {isa = PBXBuildFile; fileRef = 4CE42D78273839B0005631D6 /* SceneDelegate.swift */; };
		4CE42D80273839B5005631D6 /* Assets.xcassets in Resources */ = {isa = PBXBuildFile; fileRef = 4CE42D7F273839B5005631D6 /* Assets.xcassets */; };
		4CE42D9127383B88005631D6 /* StartPresenter.swift in Sources */ = {isa = PBXBuildFile; fileRef = 4CE42D8B27383B88005631D6 /* StartPresenter.swift */; };
		4CE42D9227383B88005631D6 /* StartRouter.swift in Sources */ = {isa = PBXBuildFile; fileRef = 4CE42D8C27383B88005631D6 /* StartRouter.swift */; };
		4CE42D9327383B88005631D6 /* StartViewController.swift in Sources */ = {isa = PBXBuildFile; fileRef = 4CE42D8D27383B88005631D6 /* StartViewController.swift */; };
		4CE42D9427383B88005631D6 /* StartProtocols.swift in Sources */ = {isa = PBXBuildFile; fileRef = 4CE42D8E27383B88005631D6 /* StartProtocols.swift */; };
		4CE42D9527383B88005631D6 /* StartInteractor.swift in Sources */ = {isa = PBXBuildFile; fileRef = 4CE42D8F27383B88005631D6 /* StartInteractor.swift */; };
		4CE42D9627383B88005631D6 /* StartContainer.swift in Sources */ = {isa = PBXBuildFile; fileRef = 4CE42D9027383B88005631D6 /* StartContainer.swift */; };
		4CF9FF982739D2EE00F5F0CA /* TeamsPresenter.swift in Sources */ = {isa = PBXBuildFile; fileRef = 4CF9FF922739D2EE00F5F0CA /* TeamsPresenter.swift */; };
		4CF9FF992739D2EE00F5F0CA /* TeamsRouter.swift in Sources */ = {isa = PBXBuildFile; fileRef = 4CF9FF932739D2EE00F5F0CA /* TeamsRouter.swift */; };
		4CF9FF9A2739D2EE00F5F0CA /* TeamsViewController.swift in Sources */ = {isa = PBXBuildFile; fileRef = 4CF9FF942739D2EE00F5F0CA /* TeamsViewController.swift */; };
		4CF9FF9B2739D2EE00F5F0CA /* TeamsProtocols.swift in Sources */ = {isa = PBXBuildFile; fileRef = 4CF9FF952739D2EE00F5F0CA /* TeamsProtocols.swift */; };
		4CF9FF9C2739D2EE00F5F0CA /* TeamsInteractor.swift in Sources */ = {isa = PBXBuildFile; fileRef = 4CF9FF962739D2EE00F5F0CA /* TeamsInteractor.swift */; };
		4CF9FF9D2739D2EE00F5F0CA /* TeamsContainer.swift in Sources */ = {isa = PBXBuildFile; fileRef = 4CF9FF972739D2EE00F5F0CA /* TeamsContainer.swift */; };
		4CF9FFA52739D38B00F5F0CA /* SettingsPresenter.swift in Sources */ = {isa = PBXBuildFile; fileRef = 4CF9FF9F2739D38B00F5F0CA /* SettingsPresenter.swift */; };
		4CF9FFA62739D38B00F5F0CA /* SettingsRouter.swift in Sources */ = {isa = PBXBuildFile; fileRef = 4CF9FFA02739D38B00F5F0CA /* SettingsRouter.swift */; };
		4CF9FFA72739D38B00F5F0CA /* SettingsViewController.swift in Sources */ = {isa = PBXBuildFile; fileRef = 4CF9FFA12739D38B00F5F0CA /* SettingsViewController.swift */; };
		4CF9FFA82739D38B00F5F0CA /* SettingsProtocols.swift in Sources */ = {isa = PBXBuildFile; fileRef = 4CF9FFA22739D38B00F5F0CA /* SettingsProtocols.swift */; };
		4CF9FFA92739D38B00F5F0CA /* SettingsInteractor.swift in Sources */ = {isa = PBXBuildFile; fileRef = 4CF9FFA32739D38B00F5F0CA /* SettingsInteractor.swift */; };
		4CF9FFAA2739D38B00F5F0CA /* SettingsContainer.swift in Sources */ = {isa = PBXBuildFile; fileRef = 4CF9FFA42739D38B00F5F0CA /* SettingsContainer.swift */; };
		72E0FA72274132BE00B01C26 /* SliderView.swift in Sources */ = {isa = PBXBuildFile; fileRef = 72E0FA71274132BE00B01C26 /* SliderView.swift */; };
		72E0FA7E27414A9900B01C26 /* DropDown in Frameworks */ = {isa = PBXBuildFile; productRef = 72E0FA7D27414A9900B01C26 /* DropDown */; };
		72E0FA8127414AC000B01C26 /* RadioGroup in Frameworks */ = {isa = PBXBuildFile; productRef = 72E0FA8027414AC000B01C26 /* RadioGroup */; };
		72E0FA862741534500B01C26 /* DropDownMenu.swift in Sources */ = {isa = PBXBuildFile; fileRef = 72E0FA852741534500B01C26 /* DropDownMenu.swift */; };
		72E0FA89274154EF00B01C26 /* View+anchors.swift in Sources */ = {isa = PBXBuildFile; fileRef = 72E0FA88274154EF00B01C26 /* View+anchors.swift */; };
/* End PBXBuildFile section */

/* Begin PBXFileReference section */
		4CE42D73273839B0005631D6 /* Vary.app */ = {isa = PBXFileReference; explicitFileType = wrapper.application; includeInIndex = 0; path = Vary.app; sourceTree = BUILT_PRODUCTS_DIR; };
		4CE42D76273839B0005631D6 /* AppDelegate.swift */ = {isa = PBXFileReference; lastKnownFileType = sourcecode.swift; path = AppDelegate.swift; sourceTree = "<group>"; };
		4CE42D78273839B0005631D6 /* SceneDelegate.swift */ = {isa = PBXFileReference; lastKnownFileType = sourcecode.swift; path = SceneDelegate.swift; sourceTree = "<group>"; };
		4CE42D7F273839B5005631D6 /* Assets.xcassets */ = {isa = PBXFileReference; lastKnownFileType = folder.assetcatalog; path = Assets.xcassets; sourceTree = "<group>"; };
		4CE42D84273839B5005631D6 /* Info.plist */ = {isa = PBXFileReference; lastKnownFileType = text.plist.xml; path = Info.plist; sourceTree = "<group>"; };
		4CE42D8B27383B88005631D6 /* StartPresenter.swift */ = {isa = PBXFileReference; lastKnownFileType = sourcecode.swift; path = StartPresenter.swift; sourceTree = "<group>"; };
		4CE42D8C27383B88005631D6 /* StartRouter.swift */ = {isa = PBXFileReference; lastKnownFileType = sourcecode.swift; path = StartRouter.swift; sourceTree = "<group>"; };
		4CE42D8D27383B88005631D6 /* StartViewController.swift */ = {isa = PBXFileReference; lastKnownFileType = sourcecode.swift; path = StartViewController.swift; sourceTree = "<group>"; };
		4CE42D8E27383B88005631D6 /* StartProtocols.swift */ = {isa = PBXFileReference; lastKnownFileType = sourcecode.swift; path = StartProtocols.swift; sourceTree = "<group>"; };
		4CE42D8F27383B88005631D6 /* StartInteractor.swift */ = {isa = PBXFileReference; lastKnownFileType = sourcecode.swift; path = StartInteractor.swift; sourceTree = "<group>"; };
		4CE42D9027383B88005631D6 /* StartContainer.swift */ = {isa = PBXFileReference; lastKnownFileType = sourcecode.swift; path = StartContainer.swift; sourceTree = "<group>"; };
		4CF9FF922739D2EE00F5F0CA /* TeamsPresenter.swift */ = {isa = PBXFileReference; lastKnownFileType = sourcecode.swift; path = TeamsPresenter.swift; sourceTree = "<group>"; };
		4CF9FF932739D2EE00F5F0CA /* TeamsRouter.swift */ = {isa = PBXFileReference; lastKnownFileType = sourcecode.swift; path = TeamsRouter.swift; sourceTree = "<group>"; };
		4CF9FF942739D2EE00F5F0CA /* TeamsViewController.swift */ = {isa = PBXFileReference; lastKnownFileType = sourcecode.swift; path = TeamsViewController.swift; sourceTree = "<group>"; };
		4CF9FF952739D2EE00F5F0CA /* TeamsProtocols.swift */ = {isa = PBXFileReference; lastKnownFileType = sourcecode.swift; path = TeamsProtocols.swift; sourceTree = "<group>"; };
		4CF9FF962739D2EE00F5F0CA /* TeamsInteractor.swift */ = {isa = PBXFileReference; lastKnownFileType = sourcecode.swift; path = TeamsInteractor.swift; sourceTree = "<group>"; };
		4CF9FF972739D2EE00F5F0CA /* TeamsContainer.swift */ = {isa = PBXFileReference; lastKnownFileType = sourcecode.swift; path = TeamsContainer.swift; sourceTree = "<group>"; };
		4CF9FF9F2739D38B00F5F0CA /* SettingsPresenter.swift */ = {isa = PBXFileReference; lastKnownFileType = sourcecode.swift; path = SettingsPresenter.swift; sourceTree = "<group>"; };
		4CF9FFA02739D38B00F5F0CA /* SettingsRouter.swift */ = {isa = PBXFileReference; lastKnownFileType = sourcecode.swift; path = SettingsRouter.swift; sourceTree = "<group>"; };
		4CF9FFA12739D38B00F5F0CA /* SettingsViewController.swift */ = {isa = PBXFileReference; lastKnownFileType = sourcecode.swift; path = SettingsViewController.swift; sourceTree = "<group>"; };
		4CF9FFA22739D38B00F5F0CA /* SettingsProtocols.swift */ = {isa = PBXFileReference; lastKnownFileType = sourcecode.swift; path = SettingsProtocols.swift; sourceTree = "<group>"; };
		4CF9FFA32739D38B00F5F0CA /* SettingsInteractor.swift */ = {isa = PBXFileReference; lastKnownFileType = sourcecode.swift; path = SettingsInteractor.swift; sourceTree = "<group>"; };
		4CF9FFA42739D38B00F5F0CA /* SettingsContainer.swift */ = {isa = PBXFileReference; lastKnownFileType = sourcecode.swift; path = SettingsContainer.swift; sourceTree = "<group>"; };
		72E0FA71274132BE00B01C26 /* SliderView.swift */ = {isa = PBXFileReference; lastKnownFileType = sourcecode.swift; path = SliderView.swift; sourceTree = "<group>"; };
		72E0FA852741534500B01C26 /* DropDownMenu.swift */ = {isa = PBXFileReference; lastKnownFileType = sourcecode.swift; path = DropDownMenu.swift; sourceTree = "<group>"; };
		72E0FA88274154EF00B01C26 /* View+anchors.swift */ = {isa = PBXFileReference; lastKnownFileType = sourcecode.swift; path = "View+anchors.swift"; sourceTree = "<group>"; };
/* End PBXFileReference section */

/* Begin PBXFrameworksBuildPhase section */
		4CE42D70273839B0005631D6 /* Frameworks */ = {
			isa = PBXFrameworksBuildPhase;
			buildActionMask = 2147483647;
			files = (
				72E0FA8127414AC000B01C26 /* RadioGroup in Frameworks */,
				72E0FA7E27414A9900B01C26 /* DropDown in Frameworks */,
			);
			runOnlyForDeploymentPostprocessing = 0;
		};
/* End PBXFrameworksBuildPhase section */

/* Begin PBXGroup section */
		4CE42D6A273839B0005631D6 = {
			isa = PBXGroup;
			children = (
				4CE42D75273839B0005631D6 /* Vary */,
				4CE42D74273839B0005631D6 /* Products */,
			);
			sourceTree = "<group>";
		};
		4CE42D74273839B0005631D6 /* Products */ = {
			isa = PBXGroup;
			children = (
				4CE42D73273839B0005631D6 /* Vary.app */,
			);
			name = Products;
			sourceTree = "<group>";
		};
		4CE42D75273839B0005631D6 /* Vary */ = {
			isa = PBXGroup;
			children = (
				4CE42D76273839B0005631D6 /* AppDelegate.swift */,
				4CE42D78273839B0005631D6 /* SceneDelegate.swift */,
				4CF9FF912739D2C600F5F0CA /* Settings */,
				4CF9FF902739D2B400F5F0CA /* Teams */,
				4CE42D8A27383B68005631D6 /* Start */,
				4CE42D7F273839B5005631D6 /* Assets.xcassets */,
				4CE42D84273839B5005631D6 /* Info.plist */,
			);
			path = Vary;
			sourceTree = "<group>";
		};
		4CE42D8A27383B68005631D6 /* Start */ = {
			isa = PBXGroup;
			children = (
				4CE42D8B27383B88005631D6 /* StartPresenter.swift */,
				4CE42D8C27383B88005631D6 /* StartRouter.swift */,
				4CE42D8D27383B88005631D6 /* StartViewController.swift */,
				4CE42D8E27383B88005631D6 /* StartProtocols.swift */,
				4CE42D8F27383B88005631D6 /* StartInteractor.swift */,
				4CE42D9027383B88005631D6 /* StartContainer.swift */,
			);
			path = Start;
			sourceTree = "<group>";
		};
		4CF9FF902739D2B400F5F0CA /* Teams */ = {
			isa = PBXGroup;
			children = (
				4CF9FF922739D2EE00F5F0CA /* TeamsPresenter.swift */,
				4CF9FF932739D2EE00F5F0CA /* TeamsRouter.swift */,
				4CF9FF942739D2EE00F5F0CA /* TeamsViewController.swift */,
				4CF9FF952739D2EE00F5F0CA /* TeamsProtocols.swift */,
				4CF9FF962739D2EE00F5F0CA /* TeamsInteractor.swift */,
				4CF9FF972739D2EE00F5F0CA /* TeamsContainer.swift */,
			);
			path = Teams;
			sourceTree = "<group>";
		};
		4CF9FF912739D2C600F5F0CA /* Settings */ = {
			isa = PBXGroup;
			children = (
				72E0FA872741548F00B01C26 /* Utils */,
				72E0FA702741328A00B01C26 /* CustomViews */,
				4CF9FF9F2739D38B00F5F0CA /* SettingsPresenter.swift */,
				4CF9FFA02739D38B00F5F0CA /* SettingsRouter.swift */,
				4CF9FFA12739D38B00F5F0CA /* SettingsViewController.swift */,
				4CF9FFA22739D38B00F5F0CA /* SettingsProtocols.swift */,
				4CF9FFA32739D38B00F5F0CA /* SettingsInteractor.swift */,
				4CF9FFA42739D38B00F5F0CA /* SettingsContainer.swift */,
			);
			path = Settings;
			sourceTree = "<group>";
		};
		72E0FA702741328A00B01C26 /* CustomViews */ = {
			isa = PBXGroup;
			children = (
				72E0FA71274132BE00B01C26 /* SliderView.swift */,
				72E0FA852741534500B01C26 /* DropDownMenu.swift */,
			);
			path = CustomViews;
			sourceTree = "<group>";
		};
		72E0FA872741548F00B01C26 /* Utils */ = {
			isa = PBXGroup;
			children = (
				72E0FA88274154EF00B01C26 /* View+anchors.swift */,
			);
			path = Utils;
			sourceTree = "<group>";
		};
/* End PBXGroup section */

/* Begin PBXNativeTarget section */
		4CE42D72273839B0005631D6 /* Vary */ = {
			isa = PBXNativeTarget;
			buildConfigurationList = 4CE42D87273839B5005631D6 /* Build configuration list for PBXNativeTarget "Vary" */;
			buildPhases = (
				4CE42D6F273839B0005631D6 /* Sources */,
				4CE42D70273839B0005631D6 /* Frameworks */,
				4CE42D71273839B0005631D6 /* Resources */,
			);
			buildRules = (
			);
			dependencies = (
			);
			name = Vary;
			packageProductDependencies = (
				72E0FA7D27414A9900B01C26 /* DropDown */,
				72E0FA8027414AC000B01C26 /* RadioGroup */,
			);
			productName = Vary;
			productReference = 4CE42D73273839B0005631D6 /* Vary.app */;
			productType = "com.apple.product-type.application";
		};
/* End PBXNativeTarget section */

/* Begin PBXProject section */
		4CE42D6B273839B0005631D6 /* Project object */ = {
			isa = PBXProject;
			attributes = {
				BuildIndependentTargetsInParallel = 1;
				LastSwiftUpdateCheck = 1300;
				LastUpgradeCheck = 1300;
				TargetAttributes = {
					4CE42D72273839B0005631D6 = {
						CreatedOnToolsVersion = 13.0;
					};
				};
			};
			buildConfigurationList = 4CE42D6E273839B0005631D6 /* Build configuration list for PBXProject "Vary" */;
			compatibilityVersion = "Xcode 13.0";
			developmentRegion = en;
			hasScannedForEncodings = 0;
			knownRegions = (
				en,
				Base,
			);
			mainGroup = 4CE42D6A273839B0005631D6;
			packageReferences = (
				72E0FA7C27414A9900B01C26 /* XCRemoteSwiftPackageReference "DropDown" */,
				72E0FA7F27414AC000B01C26 /* XCRemoteSwiftPackageReference "RadioGroup" */,
			);
			productRefGroup = 4CE42D74273839B0005631D6 /* Products */;
			projectDirPath = "";
			projectRoot = "";
			targets = (
				4CE42D72273839B0005631D6 /* Vary */,
			);
		};
/* End PBXProject section */

/* Begin PBXResourcesBuildPhase section */
		4CE42D71273839B0005631D6 /* Resources */ = {
			isa = PBXResourcesBuildPhase;
			buildActionMask = 2147483647;
			files = (
				4CE42D80273839B5005631D6 /* Assets.xcassets in Resources */,
			);
			runOnlyForDeploymentPostprocessing = 0;
		};
/* End PBXResourcesBuildPhase section */

/* Begin PBXSourcesBuildPhase section */
		4CE42D6F273839B0005631D6 /* Sources */ = {
			isa = PBXSourcesBuildPhase;
			buildActionMask = 2147483647;
			files = (
				4CF9FF9D2739D2EE00F5F0CA /* TeamsContainer.swift in Sources */,
				4CF9FFA62739D38B00F5F0CA /* SettingsRouter.swift in Sources */,
				4CF9FF9A2739D2EE00F5F0CA /* TeamsViewController.swift in Sources */,
				4CE42D9627383B88005631D6 /* StartContainer.swift in Sources */,
				4CF9FFA82739D38B00F5F0CA /* SettingsProtocols.swift in Sources */,
				4CE42D9227383B88005631D6 /* StartRouter.swift in Sources */,
				72E0FA72274132BE00B01C26 /* SliderView.swift in Sources */,
				4CE42D9527383B88005631D6 /* StartInteractor.swift in Sources */,
				4CF9FF982739D2EE00F5F0CA /* TeamsPresenter.swift in Sources */,
				4CF9FFA92739D38B00F5F0CA /* SettingsInteractor.swift in Sources */,
				4CF9FF9C2739D2EE00F5F0CA /* TeamsInteractor.swift in Sources */,
				72E0FA862741534500B01C26 /* DropDownMenu.swift in Sources */,
				4CE42D9127383B88005631D6 /* StartPresenter.swift in Sources */,
				4CF9FF992739D2EE00F5F0CA /* TeamsRouter.swift in Sources */,
				4CE42D77273839B0005631D6 /* AppDelegate.swift in Sources */,
				4CE42D9427383B88005631D6 /* StartProtocols.swift in Sources */,
				72E0FA89274154EF00B01C26 /* View+anchors.swift in Sources */,
				4CF9FFA72739D38B00F5F0CA /* SettingsViewController.swift in Sources */,
				4CE42D79273839B0005631D6 /* SceneDelegate.swift in Sources */,
				4CF9FF9B2739D2EE00F5F0CA /* TeamsProtocols.swift in Sources */,
				4CE42D9327383B88005631D6 /* StartViewController.swift in Sources */,
				4CF9FFAA2739D38B00F5F0CA /* SettingsContainer.swift in Sources */,
				4CF9FFA52739D38B00F5F0CA /* SettingsPresenter.swift in Sources */,
			);
			runOnlyForDeploymentPostprocessing = 0;
		};
/* End PBXSourcesBuildPhase section */

/* Begin XCBuildConfiguration section */
		4CE42D85273839B5005631D6 /* Debug */ = {
			isa = XCBuildConfiguration;
			buildSettings = {
				ALWAYS_SEARCH_USER_PATHS = NO;
				CLANG_ANALYZER_NONNULL = YES;
				CLANG_ANALYZER_NUMBER_OBJECT_CONVERSION = YES_AGGRESSIVE;
				CLANG_CXX_LANGUAGE_STANDARD = "gnu++17";
				CLANG_CXX_LIBRARY = "libc++";
				CLANG_ENABLE_MODULES = YES;
				CLANG_ENABLE_OBJC_ARC = YES;
				CLANG_ENABLE_OBJC_WEAK = YES;
				CLANG_WARN_BLOCK_CAPTURE_AUTORELEASING = YES;
				CLANG_WARN_BOOL_CONVERSION = YES;
				CLANG_WARN_COMMA = YES;
				CLANG_WARN_CONSTANT_CONVERSION = YES;
				CLANG_WARN_DEPRECATED_OBJC_IMPLEMENTATIONS = YES;
				CLANG_WARN_DIRECT_OBJC_ISA_USAGE = YES_ERROR;
				CLANG_WARN_DOCUMENTATION_COMMENTS = YES;
				CLANG_WARN_EMPTY_BODY = YES;
				CLANG_WARN_ENUM_CONVERSION = YES;
				CLANG_WARN_INFINITE_RECURSION = YES;
				CLANG_WARN_INT_CONVERSION = YES;
				CLANG_WARN_NON_LITERAL_NULL_CONVERSION = YES;
				CLANG_WARN_OBJC_IMPLICIT_RETAIN_SELF = YES;
				CLANG_WARN_OBJC_LITERAL_CONVERSION = YES;
				CLANG_WARN_OBJC_ROOT_CLASS = YES_ERROR;
				CLANG_WARN_QUOTED_INCLUDE_IN_FRAMEWORK_HEADER = YES;
				CLANG_WARN_RANGE_LOOP_ANALYSIS = YES;
				CLANG_WARN_STRICT_PROTOTYPES = YES;
				CLANG_WARN_SUSPICIOUS_MOVE = YES;
				CLANG_WARN_UNGUARDED_AVAILABILITY = YES_AGGRESSIVE;
				CLANG_WARN_UNREACHABLE_CODE = YES;
				CLANG_WARN__DUPLICATE_METHOD_MATCH = YES;
				COPY_PHASE_STRIP = NO;
				DEBUG_INFORMATION_FORMAT = dwarf;
				ENABLE_STRICT_OBJC_MSGSEND = YES;
				ENABLE_TESTABILITY = YES;
				GCC_C_LANGUAGE_STANDARD = gnu11;
				GCC_DYNAMIC_NO_PIC = NO;
				GCC_NO_COMMON_BLOCKS = YES;
				GCC_OPTIMIZATION_LEVEL = 0;
				GCC_PREPROCESSOR_DEFINITIONS = (
					"DEBUG=1",
					"$(inherited)",
				);
				GCC_WARN_64_TO_32_BIT_CONVERSION = YES;
				GCC_WARN_ABOUT_RETURN_TYPE = YES_ERROR;
				GCC_WARN_UNDECLARED_SELECTOR = YES;
				GCC_WARN_UNINITIALIZED_AUTOS = YES_AGGRESSIVE;
				GCC_WARN_UNUSED_FUNCTION = YES;
				GCC_WARN_UNUSED_VARIABLE = YES;
				IPHONEOS_DEPLOYMENT_TARGET = 15.0;
				MTL_ENABLE_DEBUG_INFO = INCLUDE_SOURCE;
				MTL_FAST_MATH = YES;
				ONLY_ACTIVE_ARCH = YES;
				SDKROOT = iphoneos;
				SWIFT_ACTIVE_COMPILATION_CONDITIONS = DEBUG;
				SWIFT_OPTIMIZATION_LEVEL = "-Onone";
			};
			name = Debug;
		};
		4CE42D86273839B5005631D6 /* Release */ = {
			isa = XCBuildConfiguration;
			buildSettings = {
				ALWAYS_SEARCH_USER_PATHS = NO;
				CLANG_ANALYZER_NONNULL = YES;
				CLANG_ANALYZER_NUMBER_OBJECT_CONVERSION = YES_AGGRESSIVE;
				CLANG_CXX_LANGUAGE_STANDARD = "gnu++17";
				CLANG_CXX_LIBRARY = "libc++";
				CLANG_ENABLE_MODULES = YES;
				CLANG_ENABLE_OBJC_ARC = YES;
				CLANG_ENABLE_OBJC_WEAK = YES;
				CLANG_WARN_BLOCK_CAPTURE_AUTORELEASING = YES;
				CLANG_WARN_BOOL_CONVERSION = YES;
				CLANG_WARN_COMMA = YES;
				CLANG_WARN_CONSTANT_CONVERSION = YES;
				CLANG_WARN_DEPRECATED_OBJC_IMPLEMENTATIONS = YES;
				CLANG_WARN_DIRECT_OBJC_ISA_USAGE = YES_ERROR;
				CLANG_WARN_DOCUMENTATION_COMMENTS = YES;
				CLANG_WARN_EMPTY_BODY = YES;
				CLANG_WARN_ENUM_CONVERSION = YES;
				CLANG_WARN_INFINITE_RECURSION = YES;
				CLANG_WARN_INT_CONVERSION = YES;
				CLANG_WARN_NON_LITERAL_NULL_CONVERSION = YES;
				CLANG_WARN_OBJC_IMPLICIT_RETAIN_SELF = YES;
				CLANG_WARN_OBJC_LITERAL_CONVERSION = YES;
				CLANG_WARN_OBJC_ROOT_CLASS = YES_ERROR;
				CLANG_WARN_QUOTED_INCLUDE_IN_FRAMEWORK_HEADER = YES;
				CLANG_WARN_RANGE_LOOP_ANALYSIS = YES;
				CLANG_WARN_STRICT_PROTOTYPES = YES;
				CLANG_WARN_SUSPICIOUS_MOVE = YES;
				CLANG_WARN_UNGUARDED_AVAILABILITY = YES_AGGRESSIVE;
				CLANG_WARN_UNREACHABLE_CODE = YES;
				CLANG_WARN__DUPLICATE_METHOD_MATCH = YES;
				COPY_PHASE_STRIP = NO;
				DEBUG_INFORMATION_FORMAT = "dwarf-with-dsym";
				ENABLE_NS_ASSERTIONS = NO;
				ENABLE_STRICT_OBJC_MSGSEND = YES;
				GCC_C_LANGUAGE_STANDARD = gnu11;
				GCC_NO_COMMON_BLOCKS = YES;
				GCC_WARN_64_TO_32_BIT_CONVERSION = YES;
				GCC_WARN_ABOUT_RETURN_TYPE = YES_ERROR;
				GCC_WARN_UNDECLARED_SELECTOR = YES;
				GCC_WARN_UNINITIALIZED_AUTOS = YES_AGGRESSIVE;
				GCC_WARN_UNUSED_FUNCTION = YES;
				GCC_WARN_UNUSED_VARIABLE = YES;
				IPHONEOS_DEPLOYMENT_TARGET = 15.0;
				MTL_ENABLE_DEBUG_INFO = NO;
				MTL_FAST_MATH = YES;
				SDKROOT = iphoneos;
				SWIFT_COMPILATION_MODE = wholemodule;
				SWIFT_OPTIMIZATION_LEVEL = "-O";
				VALIDATE_PRODUCT = YES;
			};
			name = Release;
		};
		4CE42D88273839B5005631D6 /* Debug */ = {
			isa = XCBuildConfiguration;
			buildSettings = {
				ASSETCATALOG_COMPILER_APPICON_NAME = AppIcon;
				ASSETCATALOG_COMPILER_GLOBAL_ACCENT_COLOR_NAME = AccentColor;
				CODE_SIGN_STYLE = Automatic;
				CURRENT_PROJECT_VERSION = 1;
				DEVELOPMENT_TEAM = "";
				GENERATE_INFOPLIST_FILE = YES;
				INFOPLIST_FILE = Vary/Info.plist;
				INFOPLIST_KEY_UIApplicationSupportsIndirectInputEvents = YES;
				INFOPLIST_KEY_UILaunchStoryboardName = LaunchScreen;
				INFOPLIST_KEY_UISupportedInterfaceOrientations_iPad = "UIInterfaceOrientationPortrait UIInterfaceOrientationPortraitUpsideDown UIInterfaceOrientationLandscapeLeft UIInterfaceOrientationLandscapeRight";
				INFOPLIST_KEY_UISupportedInterfaceOrientations_iPhone = "UIInterfaceOrientationPortrait UIInterfaceOrientationLandscapeLeft UIInterfaceOrientationLandscapeRight";
				LD_RUNPATH_SEARCH_PATHS = (
					"$(inherited)",
					"@executable_path/Frameworks",
				);
				MARKETING_VERSION = 1.0;
				PRODUCT_BUNDLE_IDENTIFIER = sntgl.Vary;
				PRODUCT_NAME = "$(TARGET_NAME)";
				SWIFT_EMIT_LOC_STRINGS = YES;
				SWIFT_VERSION = 5.0;
				TARGETED_DEVICE_FAMILY = "1,2";
			};
			name = Debug;
		};
		4CE42D89273839B5005631D6 /* Release */ = {
			isa = XCBuildConfiguration;
			buildSettings = {
				ASSETCATALOG_COMPILER_APPICON_NAME = AppIcon;
				ASSETCATALOG_COMPILER_GLOBAL_ACCENT_COLOR_NAME = AccentColor;
				CODE_SIGN_STYLE = Automatic;
				CURRENT_PROJECT_VERSION = 1;
				DEVELOPMENT_TEAM = "";
				GENERATE_INFOPLIST_FILE = YES;
				INFOPLIST_FILE = Vary/Info.plist;
				INFOPLIST_KEY_UIApplicationSupportsIndirectInputEvents = YES;
				INFOPLIST_KEY_UILaunchStoryboardName = LaunchScreen;
				INFOPLIST_KEY_UISupportedInterfaceOrientations_iPad = "UIInterfaceOrientationPortrait UIInterfaceOrientationPortraitUpsideDown UIInterfaceOrientationLandscapeLeft UIInterfaceOrientationLandscapeRight";
				INFOPLIST_KEY_UISupportedInterfaceOrientations_iPhone = "UIInterfaceOrientationPortrait UIInterfaceOrientationLandscapeLeft UIInterfaceOrientationLandscapeRight";
				LD_RUNPATH_SEARCH_PATHS = (
					"$(inherited)",
					"@executable_path/Frameworks",
				);
				MARKETING_VERSION = 1.0;
				PRODUCT_BUNDLE_IDENTIFIER = sntgl.Vary;
				PRODUCT_NAME = "$(TARGET_NAME)";
				SWIFT_EMIT_LOC_STRINGS = YES;
				SWIFT_VERSION = 5.0;
				TARGETED_DEVICE_FAMILY = "1,2";
			};
			name = Release;
		};
/* End XCBuildConfiguration section */

/* Begin XCConfigurationList section */
		4CE42D6E273839B0005631D6 /* Build configuration list for PBXProject "Vary" */ = {
			isa = XCConfigurationList;
			buildConfigurations = (
				4CE42D85273839B5005631D6 /* Debug */,
				4CE42D86273839B5005631D6 /* Release */,
			);
			defaultConfigurationIsVisible = 0;
			defaultConfigurationName = Release;
		};
		4CE42D87273839B5005631D6 /* Build configuration list for PBXNativeTarget "Vary" */ = {
			isa = XCConfigurationList;
			buildConfigurations = (
				4CE42D88273839B5005631D6 /* Debug */,
				4CE42D89273839B5005631D6 /* Release */,
			);
			defaultConfigurationIsVisible = 0;
			defaultConfigurationName = Release;
		};
/* End XCConfigurationList section */

/* Begin XCRemoteSwiftPackageReference section */
		72E0FA7C27414A9900B01C26 /* XCRemoteSwiftPackageReference "DropDown" */ = {
			isa = XCRemoteSwiftPackageReference;
			repositoryURL = "https://github.com/AssistoLab/DropDown";
			requirement = {
				branch = master;
				kind = branch;
			};
		};
		72E0FA7F27414AC000B01C26 /* XCRemoteSwiftPackageReference "RadioGroup" */ = {
			isa = XCRemoteSwiftPackageReference;
			repositoryURL = "https://github.com/yonat/RadioGroup";
			requirement = {
				branch = master;
				kind = branch;
			};
		};
/* End XCRemoteSwiftPackageReference section */

/* Begin XCSwiftPackageProductDependency section */
		72E0FA7D27414A9900B01C26 /* DropDown */ = {
			isa = XCSwiftPackageProductDependency;
			package = 72E0FA7C27414A9900B01C26 /* XCRemoteSwiftPackageReference "DropDown" */;
			productName = DropDown;
		};
		72E0FA8027414AC000B01C26 /* RadioGroup */ = {
			isa = XCSwiftPackageProductDependency;
			package = 72E0FA7F27414AC000B01C26 /* XCRemoteSwiftPackageReference "RadioGroup" */;
			productName = RadioGroup;
		};
/* End XCSwiftPackageProductDependency section */
	};
	rootObject = 4CE42D6B273839B0005631D6 /* Project object */;
}
